
Microsoft Visual Studio Solution File, Format Version 12.00
# Visual Studio Version 17
VisualStudioVersion = 17.9.34728.123
MinimumVisualStudioVersion = 10.0.40219.1
Project("{9A19103F-16F7-4668-BE54-9A1E7A4F7556}") = "P1-AgendamentoMédico", "P1-AgendamentoMédico\P1-AgendamentoMédico.csproj", "{5D564324-E214-447E-A39A-2CB7090BF85F}"
EndProject
Global
	GlobalSection(SolutionConfigurationPlatforms) = preSolution
		Debug|Any CPU = Debug|Any CPU
		Release|Any CPU = Release|Any CPU
	EndGlobalSection
	GlobalSection(ProjectConfigurationPlatforms) = postSolution
		{5D564324-E214-447E-A39A-2CB7090BF85F}.Debug|Any CPU.ActiveCfg = Debug|Any CPU
		{5D564324-E214-447E-A39A-2CB7090BF85F}.Debug|Any CPU.Build.0 = Debug|Any CPU
		{5D564324-E214-447E-A39A-2CB7090BF85F}.Release|Any CPU.ActiveCfg = Release|Any CPU
		{5D564324-E214-447E-A39A-2CB7090BF85F}.Release|Any CPU.Build.0 = Release|Any CPU
	EndGlobalSection
	GlobalSection(SolutionProperties) = preSolution
		HideSolutionNode = FALSE
	EndGlobalSection
	GlobalSection(ExtensibilityGlobals) = postSolution
		SolutionGuid = {63D7A167-5CD5-4A66-918D-04D389A6139C}
	EndGlobalSection
EndGlobal
